
Microsoft Visual Studio Solution File, Format Version 12.00
# Visual Studio Version 18
VisualStudioVersion = 18.8.11904.113
MinimumVisualStudioVersion = 10.0.40219.1
Project("{FAE04EC0-301F-11D3-BF4B-00C04F79EFBC}") = "PhotoMaker.Client", "PhotoMaker\PhotoMaker.Client.csproj", "{15102AD5-ABD1-49F8-A9E0-2BE9B3AFE09B}"
	ProjectSection(ProjectDependencies) = postProject
		{3318C435-9BD5-4AF6-9AD7-2B4CC4EC8141} = {3318C435-9BD5-4AF6-9AD7-2B4CC4EC8141}
	EndProjectSection
EndProject
Project("{FAE04EC0-301F-11D3-BF4B-00C04F79EFBC}") = "PhotoMaker.Model", "PhotoMaker.Model\PhotoMaker.Model.csproj", "{3318C435-9BD5-4AF6-9AD7-2B4CC4EC8141}"
EndProject
Global
	GlobalSection(SolutionConfigurationPlatforms) = preSolution
		Debug|Any CPU = Debug|Any CPU
		Release|Any CPU = Release|Any CPU
	EndGlobalSection
	GlobalSection(ProjectConfigurationPlatforms) = postSolution
		{15102AD5-ABD1-49F8-A9E0-2BE9B3AFE09B}.Debug|Any CPU.ActiveCfg = Debug|Any CPU
		{15102AD5-ABD1-49F8-A9E0-2BE9B3AFE09B}.Debug|Any CPU.Build.0 = Debug|Any CPU
		{15102AD5-ABD1-49F8-A9E0-2BE9B3AFE09B}.Release|Any CPU.ActiveCfg = Release|Any CPU
		{15102AD5-ABD1-49F8-A9E0-2BE9B3AFE09B}.Release|Any CPU.Build.0 = Release|Any CPU
		{3318C435-9BD5-4AF6-9AD7-2B4CC4EC8141}.Debug|Any CPU.ActiveCfg = Debug|Any CPU
		{3318C435-9BD5-4AF6-9AD7-2B4CC4EC8141}.Debug|Any CPU.Build.0 = Debug|Any CPU
		{3318C435-9BD5-4AF6-9AD7-2B4CC4EC8141}.Release|Any CPU.ActiveCfg = Release|Any CPU
		{3318C435-9BD5-4AF6-9AD7-2B4CC4EC8141}.Release|Any CPU.Build.0 = Release|Any CPU
	EndGlobalSection
	GlobalSection(SolutionProperties) = preSolution
		HideSolutionNode = FALSE
	EndGlobalSection
	GlobalSection(ExtensibilityGlobals) = postSolution
		SolutionGuid = {8E8D8041-77E2-403F-8E59-8D4677D1C11A}
	EndGlobalSection
EndGlobal
